
Microsoft Visual Studio Solution File, Format Version 12.00
# Visual Studio Version 16
VisualStudioVersion = 16.0.30204.135
MinimumVisualStudioVersion = 10.0.40219.1
Project("{FAE04EC0-301F-11D3-BF4B-00C04F79EFBC}") = "64-Bundling and Minification", "64-Bundling and Minification.csproj", "{0297D53B-F575-4810-A0B6-7036D2307987}"
EndProject
Global
	GlobalSection(SolutionConfigurationPlatforms) = preSolution
		Debug|Any CPU = Debug|Any CPU
		Release|Any CPU = Release|Any CPU
	EndGlobalSection
	GlobalSection(ProjectConfigurationPlatforms) = postSolution
		{0297D53B-F575-4810-A0B6-7036D2307987}.Debug|Any CPU.ActiveCfg = Debug|Any CPU
		{0297D53B-F575-4810-A0B6-7036D2307987}.Debug|Any CPU.Build.0 = Debug|Any CPU
		{0297D53B-F575-4810-A0B6-7036D2307987}.Release|Any CPU.ActiveCfg = Release|Any CPU
		{0297D53B-F575-4810-A0B6-7036D2307987}.Release|Any CPU.Build.0 = Release|Any CPU
	EndGlobalSection
	GlobalSection(SolutionProperties) = preSolution
		HideSolutionNode = FALSE
	EndGlobalSection
	GlobalSection(ExtensibilityGlobals) = postSolution
		SolutionGuid = {BE950B3A-5636-4425-AC44-B3260A27E5A8}
	EndGlobalSection
EndGlobal
