
Microsoft Visual Studio Solution File, Format Version 12.00
# Visual Studio Version 16
VisualStudioVersion = 16.0.30204.135
MinimumVisualStudioVersion = 10.0.40219.1
Project("{FAE04EC0-301F-11D3-BF4B-00C04F79EFBC}") = "66-Custome  Model Binder", "66-Custome  Model Binder.csproj", "{26470075-D77E-4BF1-A552-0566CD35B2B9}"
EndProject
Global
	GlobalSection(SolutionConfigurationPlatforms) = preSolution
		Debug|Any CPU = Debug|Any CPU
		Release|Any CPU = Release|Any CPU
	EndGlobalSection
	GlobalSection(ProjectConfigurationPlatforms) = postSolution
		{26470075-D77E-4BF1-A552-0566CD35B2B9}.Debug|Any CPU.ActiveCfg = Debug|Any CPU
		{26470075-D77E-4BF1-A552-0566CD35B2B9}.Debug|Any CPU.Build.0 = Debug|Any CPU
		{26470075-D77E-4BF1-A552-0566CD35B2B9}.Release|Any CPU.ActiveCfg = Release|Any CPU
		{26470075-D77E-4BF1-A552-0566CD35B2B9}.Release|Any CPU.Build.0 = Release|Any CPU
	EndGlobalSection
	GlobalSection(SolutionProperties) = preSolution
		HideSolutionNode = FALSE
	EndGlobalSection
	GlobalSection(ExtensibilityGlobals) = postSolution
		SolutionGuid = {22F055F3-89A4-4BD7-9779-BF220651884E}
	EndGlobalSection
EndGlobal
