
Microsoft Visual Studio Solution File, Format Version 12.00
# Visual Studio Version 16
VisualStudioVersion = 16.0.30204.135
MinimumVisualStudioVersion = 10.0.40219.1
Project("{F184B08F-C81C-45F6-A57F-5ABD9991F28F}") = "58-Identity Framework", "58-Identity Framework.vbproj", "{A5BF7C6B-6220-46C0-99C4-AED26EF43993}"
EndProject
Global
	GlobalSection(SolutionConfigurationPlatforms) = preSolution
		Debug|Any CPU = Debug|Any CPU
		Release|Any CPU = Release|Any CPU
	EndGlobalSection
	GlobalSection(ProjectConfigurationPlatforms) = postSolution
		{A5BF7C6B-6220-46C0-99C4-AED26EF43993}.Debug|Any CPU.ActiveCfg = Debug|Any CPU
		{A5BF7C6B-6220-46C0-99C4-AED26EF43993}.Debug|Any CPU.Build.0 = Debug|Any CPU
		{A5BF7C6B-6220-46C0-99C4-AED26EF43993}.Release|Any CPU.ActiveCfg = Release|Any CPU
		{A5BF7C6B-6220-46C0-99C4-AED26EF43993}.Release|Any CPU.Build.0 = Release|Any CPU
	EndGlobalSection
	GlobalSection(SolutionProperties) = preSolution
		HideSolutionNode = FALSE
	EndGlobalSection
	GlobalSection(ExtensibilityGlobals) = postSolution
		SolutionGuid = {46EE2561-7A28-4F7A-89D8-977D3191B900}
	EndGlobalSection
EndGlobal
