
Microsoft Visual Studio Solution File, Format Version 12.00
# Visual Studio Version 16
VisualStudioVersion = 16.0.30204.135
MinimumVisualStudioVersion = 10.0.40219.1
Project("{FAE04EC0-301F-11D3-BF4B-00C04F79EFBC}") = "71- Async Controller", "71- Async Controller.csproj", "{8234F1F5-B4CC-4B80-818B-69D98FB47809}"
EndProject
Global
	GlobalSection(SolutionConfigurationPlatforms) = preSolution
		Debug|Any CPU = Debug|Any CPU
		Release|Any CPU = Release|Any CPU
	EndGlobalSection
	GlobalSection(ProjectConfigurationPlatforms) = postSolution
		{8234F1F5-B4CC-4B80-818B-69D98FB47809}.Debug|Any CPU.ActiveCfg = Debug|Any CPU
		{8234F1F5-B4CC-4B80-818B-69D98FB47809}.Debug|Any CPU.Build.0 = Debug|Any CPU
		{8234F1F5-B4CC-4B80-818B-69D98FB47809}.Release|Any CPU.ActiveCfg = Release|Any CPU
		{8234F1F5-B4CC-4B80-818B-69D98FB47809}.Release|Any CPU.Build.0 = Release|Any CPU
	EndGlobalSection
	GlobalSection(SolutionProperties) = preSolution
		HideSolutionNode = FALSE
	EndGlobalSection
	GlobalSection(ExtensibilityGlobals) = postSolution
		SolutionGuid = {76D8F889-7900-4173-AA50-95612D15CC27}
	EndGlobalSection
EndGlobal
